
Microsoft Visual Studio Solution File, Format Version 12.00
# Visual Studio Version 17
VisualStudioVersion = 17.7.34024.191
MinimumVisualStudioVersion = 10.0.40219.1
Project("{FAE04EC0-301F-11D3-BF4B-00C04F79EFBC}") = "gnisbdback", "gnisbdback\gnisbdback.csproj", "{AF903430-D070-4D54-B771-FF587B63F90E}"
EndProject
Global
	GlobalSection(SolutionConfigurationPlatforms) = preSolution
		Debug|Any CPU = Debug|Any CPU
		Release|Any CPU = Release|Any CPU
	EndGlobalSection
	GlobalSection(ProjectConfigurationPlatforms) = postSolution
		{AF903430-D070-4D54-B771-FF587B63F90E}.Debug|Any CPU.ActiveCfg = Debug|Any CPU
		{AF903430-D070-4D54-B771-FF587B63F90E}.Debug|Any CPU.Build.0 = Debug|Any CPU
		{AF903430-D070-4D54-B771-FF587B63F90E}.Release|Any CPU.ActiveCfg = Release|Any CPU
		{AF903430-D070-4D54-B771-FF587B63F90E}.Release|Any CPU.Build.0 = Release|Any CPU
	EndGlobalSection
	GlobalSection(SolutionProperties) = preSolution
		HideSolutionNode = FALSE
	EndGlobalSection
	GlobalSection(ExtensibilityGlobals) = postSolution
		SolutionGuid = {2E5859A5-B4FC-404C-9674-7D7E5CAC8C8B}
	EndGlobalSection
EndGlobal
